// !$*UTF8*$!
{
	archiveVersion = 1;
	classes = {
	};
	objectVersion = 48;
	objects = {

/* Begin PBXBuildFile section */
		047D328720D4FE3B000D25EC /* t1.swift in Sources */ = {isa = PBXBuildFile; fileRef = 047D328620D4FE3B000D25EC /* t1.swift */; };
		047D328920D4FEB2000D25EC /* t2.swift in Sources */ = {isa = PBXBuildFile; fileRef = 047D328820D4FEB2000D25EC /* t2.swift */; };
		04FF11DB20C9470900D84BB9 /* AppDelegate.swift in Sources */ = {isa = PBXBuildFile; fileRef = 04FF11DA20C9470900D84BB9 /* AppDelegate.swift */; };
		04FF11DD20C9470900D84BB9 /* ViewController.swift in Sources */ = {isa = PBXBuildFile; fileRef = 04FF11DC20C9470900D84BB9 /* ViewController.swift */; };
		04FF11E020C9470900D84BB9 /* Main.storyboard in Resources */ = {isa = PBXBuildFile; fileRef = 04FF11DE20C9470900D84BB9 /* Main.storyboard */; };
		04FF11E220C9470900D84BB9 /* Assets.xcassets in Resources */ = {isa = PBXBuildFile; fileRef = 04FF11E120C9470900D84BB9 /* Assets.xcassets */; };
		04FF11E520C9470900D84BB9 /* LaunchScreen.storyboard in Resources */ = {isa = PBXBuildFile; fileRef = 04FF11E320C9470900D84BB9 /* LaunchScreen.storyboard */; };
		04FF11F020C9470900D84BB9 /* GrepthorTaskTests.swift in Sources */ = {isa = PBXBuildFile; fileRef = 04FF11EF20C9470900D84BB9 /* GrepthorTaskTests.swift */; };
		04FF11FB20C9470900D84BB9 /* GrepthorTaskUITests.swift in Sources */ = {isa = PBXBuildFile; fileRef = 04FF11FA20C9470900D84BB9 /* GrepthorTaskUITests.swift */; };
		04FF120A20C94D9E00D84BB9 /* TableViewCell.swift in Sources */ = {isa = PBXBuildFile; fileRef = 04FF120820C94D9E00D84BB9 /* TableViewCell.swift */; };
		04FF120B20C94D9E00D84BB9 /* TableViewCell.xib in Resources */ = {isa = PBXBuildFile; fileRef = 04FF120920C94D9E00D84BB9 /* TableViewCell.xib */; };
/* End PBXBuildFile section */

/* Begin PBXContainerItemProxy section */
		04FF11EC20C9470900D84BB9 /* PBXContainerItemProxy */ = {
			isa = PBXContainerItemProxy;
			containerPortal = 04FF11CF20C9470900D84BB9 /* Project object */;
			proxyType = 1;
			remoteGlobalIDString = 04FF11D620C9470900D84BB9;
			remoteInfo = GrepthorTask;
		};
		04FF11F720C9470900D84BB9 /* PBXContainerItemProxy */ = {
			isa = PBXContainerItemProxy;
			containerPortal = 04FF11CF20C9470900D84BB9 /* Project object */;
			proxyType = 1;
			remoteGlobalIDString = 04FF11D620C9470900D84BB9;
			remoteInfo = GrepthorTask;
		};
/* End PBXContainerItemProxy section */

/* Begin PBXFileReference section */
		047D328620D4FE3B000D25EC /* t1.swift */ = {isa = PBXFileReference; lastKnownFileType = sourcecode.swift; path = t1.swift; sourceTree = "<group>"; };
		047D328820D4FEB2000D25EC /* t2.swift */ = {isa = PBXFileReference; lastKnownFileType = sourcecode.swift; path = t2.swift; sourceTree = "<group>"; };
		04FF11D720C9470900D84BB9 /* GrepthorTask.app */ = {isa = PBXFileReference; explicitFileType = wrapper.application; includeInIndex = 0; path = GrepthorTask.app; sourceTree = BUILT_PRODUCTS_DIR; };
		04FF11DA20C9470900D84BB9 /* AppDelegate.swift */ = {isa = PBXFileReference; lastKnownFileType = sourcecode.swift; path = AppDelegate.swift; sourceTree = "<group>"; };
		04FF11DC20C9470900D84BB9 /* ViewController.swift */ = {isa = PBXFileReference; lastKnownFileType = sourcecode.swift; path = ViewController.swift; sourceTree = "<group>"; };
		04FF11DF20C9470900D84BB9 /* Base */ = {isa = PBXFileReference; lastKnownFileType = file.storyboard; name = Base; path = Base.lproj/Main.storyboard; sourceTree = "<group>"; };
		04FF11E120C9470900D84BB9 /* Assets.xcassets */ = {isa = PBXFileReference; lastKnownFileType = folder.assetcatalog; path = Assets.xcassets; sourceTree = "<group>"; };
		04FF11E420C9470900D84BB9 /* Base */ = {isa = PBXFileReference; lastKnownFileType = file.storyboard; name = Base; path = Base.lproj/LaunchScreen.storyboard; sourceTree = "<group>"; };
		04FF11E620C9470900D84BB9 /* Info.plist */ = {isa = PBXFileReference; lastKnownFileType = text.plist.xml; path = Info.plist; sourceTree = "<group>"; };
		04FF11EB20C9470900D84BB9 /* GrepthorTaskTests.xctest */ = {isa = PBXFileReference; explicitFileType = wrapper.cfbundle; includeInIndex = 0; path = GrepthorTaskTests.xctest; sourceTree = BUILT_PRODUCTS_DIR; };
		04FF11EF20C9470900D84BB9 /* GrepthorTaskTests.swift */ = {isa = PBXFileReference; lastKnownFileType = sourcecode.swift; path = GrepthorTaskTests.swift; sourceTree = "<group>"; };
		04FF11F120C9470900D84BB9 /* Info.plist */ = {isa = PBXFileReference; lastKnownFileType = text.plist.xml; path = Info.plist; sourceTree = "<group>"; };
		04FF11F620C9470900D84BB9 /* GrepthorTaskUITests.xctest */ = {isa = PBXFileReference; explicitFileType = wrapper.cfbundle; includeInIndex = 0; path = GrepthorTaskUITests.xctest; sourceTree = BUILT_PRODUCTS_DIR; };
		04FF11FA20C9470900D84BB9 /* GrepthorTaskUITests.swift */ = {isa = PBXFileReference; lastKnownFileType = sourcecode.swift; path = GrepthorTaskUITests.swift; sourceTree = "<group>"; };
		04FF11FC20C9470900D84BB9 /* Info.plist */ = {isa = PBXFileReference; lastKnownFileType = text.plist.xml; path = Info.plist; sourceTree = "<group>"; };
		04FF120820C94D9E00D84BB9 /* TableViewCell.swift */ = {isa = PBXFileReference; lastKnownFileType = sourcecode.swift; path = TableViewCell.swift; sourceTree = "<group>"; };
		04FF120920C94D9E00D84BB9 /* TableViewCell.xib */ = {isa = PBXFileReference; lastKnownFileType = file.xib; path = TableViewCell.xib; sourceTree = "<group>"; };
/* End PBXFileReference section */

/* Begin PBXFrameworksBuildPhase section */
		04FF11D420C9470900D84BB9 /* Frameworks */ = {
			isa = PBXFrameworksBuildPhase;
			buildActionMask = 2147483647;
			files = (
			);
			runOnlyForDeploymentPostprocessing = 0;
		};
		04FF11E820C9470900D84BB9 /* Frameworks */ = {
			isa = PBXFrameworksBuildPhase;
			buildActionMask = 2147483647;
			files = (
			);
			runOnlyForDeploymentPostprocessing = 0;
		};
		04FF11F320C9470900D84BB9 /* Frameworks */ = {
			isa = PBXFrameworksBuildPhase;
			buildActionMask = 2147483647;
			files = (
			);
			runOnlyForDeploymentPostprocessing = 0;
		};
/* End PBXFrameworksBuildPhase section */

/* Begin PBXGroup section */
		04FF11CE20C9470900D84BB9 = {
			isa = PBXGroup;
			children = (
				04FF11D920C9470900D84BB9 /* GrepthorTask */,
				04FF11EE20C9470900D84BB9 /* GrepthorTaskTests */,
				04FF11F920C9470900D84BB9 /* GrepthorTaskUITests */,
				04FF11FC20C9470900D84BB9 /* Info.plist */,
				04FF11D820C9470900D84BB9 /* Products */,
			);
			sourceTree = "<group>";
		};
		04FF11D820C9470900D84BB9 /* Products */ = {
			isa = PBXGroup;
			children = (
				04FF11D720C9470900D84BB9 /* GrepthorTask.app */,
				04FF11EB20C9470900D84BB9 /* GrepthorTaskTests.xctest */,
				04FF11F620C9470900D84BB9 /* GrepthorTaskUITests.xctest */,
			);
			name = Products;
			sourceTree = "<group>";
		};
		04FF11D920C9470900D84BB9 /* GrepthorTask */ = {
			isa = PBXGroup;
			children = (
				04FF11DA20C9470900D84BB9 /* AppDelegate.swift */,
				04FF11DC20C9470900D84BB9 /* ViewController.swift */,
				047D328620D4FE3B000D25EC /* t1.swift */,
				047D328820D4FEB2000D25EC /* t2.swift */,
				04FF11DE20C9470900D84BB9 /* Main.storyboard */,
				04FF11E120C9470900D84BB9 /* Assets.xcassets */,
				04FF11E320C9470900D84BB9 /* LaunchScreen.storyboard */,
				04FF11E620C9470900D84BB9 /* Info.plist */,
				04FF120820C94D9E00D84BB9 /* TableViewCell.swift */,
				04FF120920C94D9E00D84BB9 /* TableViewCell.xib */,
			);
			path = GrepthorTask;
			sourceTree = "<group>";
		};
		04FF11EE20C9470900D84BB9 /* GrepthorTaskTests */ = {
			isa = PBXGroup;
			children = (
				04FF11EF20C9470900D84BB9 /* GrepthorTaskTests.swift */,
				04FF11F120C9470900D84BB9 /* Info.plist */,
			);
			path = GrepthorTaskTests;
			sourceTree = "<group>";
		};
		04FF11F920C9470900D84BB9 /* GrepthorTaskUITests */ = {
			isa = PBXGroup;
			children = (
				04FF11FA20C9470900D84BB9 /* GrepthorTaskUITests.swift */,
			);
			path = GrepthorTaskUITests;
			sourceTree = "<group>";
		};
/* End PBXGroup section */

/* Begin PBXNativeTarget section */
		04FF11D620C9470900D84BB9 /* GrepthorTask */ = {
			isa = PBXNativeTarget;
			buildConfigurationList = 04FF11FF20C9470900D84BB9 /* Build configuration list for PBXNativeTarget "GrepthorTask" */;
			buildPhases = (
				04FF11D320C9470900D84BB9 /* Sources */,
				04FF11D420C9470900D84BB9 /* Frameworks */,
				04FF11D520C9470900D84BB9 /* Resources */,
			);
			buildRules = (
			);
			dependencies = (
			);
			name = GrepthorTask;
			productName = GrepthorTask;
			productReference = 04FF11D720C9470900D84BB9 /* GrepthorTask.app */;
			productType = "com.apple.product-type.application";
		};
		04FF11EA20C9470900D84BB9 /* GrepthorTaskTests */ = {
			isa = PBXNativeTarget;
			buildConfigurationList = 04FF120220C9470900D84BB9 /* Build configuration list for PBXNativeTarget "GrepthorTaskTests" */;
			buildPhases = (
				04FF11E720C9470900D84BB9 /* Sources */,
				04FF11E820C9470900D84BB9 /* Frameworks */,
				04FF11E920C9470900D84BB9 /* Resources */,
			);
			buildRules = (
			);
			dependencies = (
				04FF11ED20C9470900D84BB9 /* PBXTargetDependency */,
			);
			name = GrepthorTaskTests;
			productName = GrepthorTaskTests;
			productReference = 04FF11EB20C9470900D84BB9 /* GrepthorTaskTests.xctest */;
			productType = "com.apple.product-type.bundle.unit-test";
		};
		04FF11F520C9470900D84BB9 /* GrepthorTaskUITests */ = {
			isa = PBXNativeTarget;
			buildConfigurationList = 04FF120520C9470900D84BB9 /* Build configuration list for PBXNativeTarget "GrepthorTaskUITests" */;
			buildPhases = (
				04FF11F220C9470900D84BB9 /* Sources */,
				04FF11F320C9470900D84BB9 /* Frameworks */,
				04FF11F420C9470900D84BB9 /* Resources */,
			);
			buildRules = (
			);
			dependencies = (
				04FF11F820C9470900D84BB9 /* PBXTargetDependency */,
			);
			name = GrepthorTaskUITests;
			productName = GrepthorTaskUITests;
			productReference = 04FF11F620C9470900D84BB9 /* GrepthorTaskUITests.xctest */;
			productType = "com.apple.product-type.bundle.ui-testing";
		};
/* End PBXNativeTarget section */

/* Begin PBXProject section */
		04FF11CF20C9470900D84BB9 /* Project object */ = {
			isa = PBXProject;
			attributes = {
				LastSwiftUpdateCheck = 0920;
				LastUpgradeCheck = 0920;
				ORGANIZATIONNAME = servizon;
				TargetAttributes = {
					04FF11D620C9470900D84BB9 = {
						CreatedOnToolsVersion = 9.2;
						ProvisioningStyle = Automatic;
					};
					04FF11EA20C9470900D84BB9 = {
						CreatedOnToolsVersion = 9.2;
						ProvisioningStyle = Automatic;
						TestTargetID = 04FF11D620C9470900D84BB9;
					};
					04FF11F520C9470900D84BB9 = {
						CreatedOnToolsVersion = 9.2;
						ProvisioningStyle = Automatic;
						TestTargetID = 04FF11D620C9470900D84BB9;
					};
				};
			};
			buildConfigurationList = 04FF11D220C9470900D84BB9 /* Build configuration list for PBXProject "GrepthorTask" */;
			compatibilityVersion = "Xcode 8.0";
			developmentRegion = en;
			hasScannedForEncodings = 0;
			knownRegions = (
				en,
				Base,
			);
			mainGroup = 04FF11CE20C9470900D84BB9;
			productRefGroup = 04FF11D820C9470900D84BB9 /* Products */;
			projectDirPath = "";
			projectRoot = "";
			targets = (
				04FF11D620C9470900D84BB9 /* GrepthorTask */,
				04FF11EA20C9470900D84BB9 /* GrepthorTaskTests */,
				04FF11F520C9470900D84BB9 /* GrepthorTaskUITests */,
			);
		};
/* End PBXProject section */

/* Begin PBXResourcesBuildPhase section */
		04FF11D520C9470900D84BB9 /* Resources */ = {
			isa = PBXResourcesBuildPhase;
			buildActionMask = 2147483647;
			files = (
				04FF11E520C9470900D84BB9 /* LaunchScreen.storyboard in Resources */,
				04FF120B20C94D9E00D84BB9 /* TableViewCell.xib in Resources */,
				04FF11E220C9470900D84BB9 /* Assets.xcassets in Resources */,
				04FF11E020C9470900D84BB9 /* Main.storyboard in Resources */,
			);
			runOnlyForDeploymentPostprocessing = 0;
		};
		04FF11E920C9470900D84BB9 /* Resources */ = {
			isa = PBXResourcesBuildPhase;
			buildActionMask = 2147483647;
			files = (
			);
			runOnlyForDeploymentPostprocessing = 0;
		};
		04FF11F420C9470900D84BB9 /* Resources */ = {
			isa = PBXResourcesBuildPhase;
			buildActionMask = 2147483647;
			files = (
			);
			runOnlyForDeploymentPostprocessing = 0;
		};
/* End PBXResourcesBuildPhase section */

/* Begin PBXSourcesBuildPhase section */
		04FF11D320C9470900D84BB9 /* Sources */ = {
			isa = PBXSourcesBuildPhase;
			buildActionMask = 2147483647;
			files = (
				047D328720D4FE3B000D25EC /* t1.swift in Sources */,
				04FF120A20C94D9E00D84BB9 /* TableViewCell.swift in Sources */,
				047D328920D4FEB2000D25EC /* t2.swift in Sources */,
				04FF11DD20C9470900D84BB9 /* ViewController.swift in Sources */,
				04FF11DB20C9470900D84BB9 /* AppDelegate.swift in Sources */,
			);
			runOnlyForDeploymentPostprocessing = 0;
		};
		04FF11E720C9470900D84BB9 /* Sources */ = {
			isa = PBXSourcesBuildPhase;
			buildActionMask = 2147483647;
			files = (
				04FF11F020C9470900D84BB9 /* GrepthorTaskTests.swift in Sources */,
			);
			runOnlyForDeploymentPostprocessing = 0;
		};
		04FF11F220C9470900D84BB9 /* Sources */ = {
			isa = PBXSourcesBuildPhase;
			buildActionMask = 2147483647;
			files = (
				04FF11FB20C9470900D84BB9 /* GrepthorTaskUITests.swift in Sources */,
			);
			runOnlyForDeploymentPostprocessing = 0;
		};
/* End PBXSourcesBuildPhase section */

/* Begin PBXTargetDependency section */
		04FF11ED20C9470900D84BB9 /* PBXTargetDependency */ = {
			isa = PBXTargetDependency;
			target = 04FF11D620C9470900D84BB9 /* GrepthorTask */;
			targetProxy = 04FF11EC20C9470900D84BB9 /* PBXContainerItemProxy */;
		};
		04FF11F820C9470900D84BB9 /* PBXTargetDependency */ = {
			isa = PBXTargetDependency;
			target = 04FF11D620C9470900D84BB9 /* GrepthorTask */;
			targetProxy = 04FF11F720C9470900D84BB9 /* PBXContainerItemProxy */;
		};
/* End PBXTargetDependency section */

/* Begin PBXVariantGroup section */
		04FF11DE20C9470900D84BB9 /* Main.storyboard */ = {
			isa = PBXVariantGroup;
			children = (
				04FF11DF20C9470900D84BB9 /* Base */,
			);
			name = Main.storyboard;
			sourceTree = "<group>";
		};
		04FF11E320C9470900D84BB9 /* LaunchScreen.storyboard */ = {
			isa = PBXVariantGroup;
			children = (
				04FF11E420C9470900D84BB9 /* Base */,
			);
			name = LaunchScreen.storyboard;
			sourceTree = "<group>";
		};
/* End PBXVariantGroup section */

/* Begin XCBuildConfiguration section */
		04FF11FD20C9470900D84BB9 /* Debug */ = {
			isa = XCBuildConfiguration;
			buildSettings = {
				ALWAYS_SEARCH_USER_PATHS = NO;
				CLANG_ANALYZER_NONNULL = YES;
				CLANG_ANALYZER_NUMBER_OBJECT_CONVERSION = YES_AGGRESSIVE;
				CLANG_CXX_LANGUAGE_STANDARD = "gnu++14";
				CLANG_CXX_LIBRARY = "libc++";
				CLANG_ENABLE_MODULES = YES;
				CLANG_ENABLE_OBJC_ARC = YES;
				CLANG_WARN_BLOCK_CAPTURE_AUTORELEASING = YES;
				CLANG_WARN_BOOL_CONVERSION = YES;
				CLANG_WARN_COMMA = YES;
				CLANG_WARN_CONSTANT_CONVERSION = YES;
				CLANG_WARN_DIRECT_OBJC_ISA_USAGE = YES_ERROR;
				CLANG_WARN_DOCUMENTATION_COMMENTS = YES;
				CLANG_WARN_EMPTY_BODY = YES;
				CLANG_WARN_ENUM_CONVERSION = YES;
				CLANG_WARN_INFINITE_RECURSION = YES;
				CLANG_WARN_INT_CONVERSION = YES;
				CLANG_WARN_NON_LITERAL_NULL_CONVERSION = YES;
				CLANG_WARN_OBJC_LITERAL_CONVERSION = YES;
				CLANG_WARN_OBJC_ROOT_CLASS = YES_ERROR;
				CLANG_WARN_RANGE_LOOP_ANALYSIS = YES;
				CLANG_WARN_STRICT_PROTOTYPES = YES;
				CLANG_WARN_SUSPICIOUS_MOVE = YES;
				CLANG_WARN_UNGUARDED_AVAILABILITY = YES_AGGRESSIVE;
				CLANG_WARN_UNREACHABLE_CODE = YES;
				CLANG_WARN__DUPLICATE_METHOD_MATCH = YES;
				CODE_SIGN_IDENTITY = "iPhone Developer";
				COPY_PHASE_STRIP = NO;
				DEBUG_INFORMATION_FORMAT = dwarf;
				ENABLE_STRICT_OBJC_MSGSEND = YES;
				ENABLE_TESTABILITY = YES;
				GCC_C_LANGUAGE_STANDARD = gnu11;
				GCC_DYNAMIC_NO_PIC = NO;
				GCC_NO_COMMON_BLOCKS = YES;
				GCC_OPTIMIZATION_LEVEL = 0;
				GCC_PREPROCESSOR_DEFINITIONS = (
					"DEBUG=1",
					"$(inherited)",
				);
				GCC_WARN_64_TO_32_BIT_CONVERSION = YES;
				GCC_WARN_ABOUT_RETURN_TYPE = YES_ERROR;
				GCC_WARN_UNDECLARED_SELECTOR = YES;
				GCC_WARN_UNINITIALIZED_AUTOS = YES_AGGRESSIVE;
				GCC_WARN_UNUSED_FUNCTION = YES;
				GCC_WARN_UNUSED_VARIABLE = YES;
				IPHONEOS_DEPLOYMENT_TARGET = 11.2;
				MTL_ENABLE_DEBUG_INFO = YES;
				ONLY_ACTIVE_ARCH = YES;
				SDKROOT = iphoneos;
				SWIFT_ACTIVE_COMPILATION_CONDITIONS = DEBUG;
				SWIFT_OPTIMIZATION_LEVEL = "-Onone";
			};
			name = Debug;
		};
		04FF11FE20C9470900D84BB9 /* Release */ = {
			isa = XCBuildConfiguration;
			buildSettings = {
				ALWAYS_SEARCH_USER_PATHS = NO;
				CLANG_ANALYZER_NONNULL = YES;
				CLANG_ANALYZER_NUMBER_OBJECT_CONVERSION = YES_AGGRESSIVE;
				CLANG_CXX_LANGUAGE_STANDARD = "gnu++14";
				CLANG_CXX_LIBRARY = "libc++";
				CLANG_ENABLE_MODULES = YES;
				CLANG_ENABLE_OBJC_ARC = YES;
				CLANG_WARN_BLOCK_CAPTURE_AUTORELEASING = YES;
				CLANG_WARN_BOOL_CONVERSION = YES;
				CLANG_WARN_COMMA = YES;
				CLANG_WARN_CONSTANT_CONVERSION = YES;
				CLANG_WARN_DIRECT_OBJC_ISA_USAGE = YES_ERROR;
				CLANG_WARN_DOCUMENTATION_COMMENTS = YES;
				CLANG_WARN_EMPTY_BODY = YES;
				CLANG_WARN_ENUM_CONVERSION = YES;
				CLANG_WARN_INFINITE_RECURSION = YES;
				CLANG_WARN_INT_CONVERSION = YES;
				CLANG_WARN_NON_LITERAL_NULL_CONVERSION = YES;
				CLANG_WARN_OBJC_LITERAL_CONVERSION = YES;
				CLANG_WARN_OBJC_ROOT_CLASS = YES_ERROR;
				CLANG_WARN_RANGE_LOOP_ANALYSIS = YES;
				CLANG_WARN_STRICT_PROTOTYPES = YES;
				CLANG_WARN_SUSPICIOUS_MOVE = YES;
				CLANG_WARN_UNGUARDED_AVAILABILITY = YES_AGGRESSIVE;
				CLANG_WARN_UNREACHABLE_CODE = YES;
				CLANG_WARN__DUPLICATE_METHOD_MATCH = YES;
				CODE_SIGN_IDENTITY = "iPhone Developer";
				COPY_PHASE_STRIP = NO;
				DEBUG_INFORMATION_FORMAT = "dwarf-with-dsym";
				ENABLE_NS_ASSERTIONS = NO;
				ENABLE_STRICT_OBJC_MSGSEND = YES;
				GCC_C_LANGUAGE_STANDARD = gnu11;
				GCC_NO_COMMON_BLOCKS = YES;
				GCC_WARN_64_TO_32_BIT_CONVERSION = YES;
				GCC_WARN_ABOUT_RETURN_TYPE = YES_ERROR;
				GCC_WARN_UNDECLARED_SELECTOR = YES;
				GCC_WARN_UNINITIALIZED_AUTOS = YES_AGGRESSIVE;
				GCC_WARN_UNUSED_FUNCTION = YES;
				GCC_WARN_UNUSED_VARIABLE = YES;
				IPHONEOS_DEPLOYMENT_TARGET = 11.2;
				MTL_ENABLE_DEBUG_INFO = NO;
				SDKROOT = iphoneos;
				SWIFT_OPTIMIZATION_LEVEL = "-Owholemodule";
				VALIDATE_PRODUCT = YES;
			};
			name = Release;
		};
		04FF120020C9470900D84BB9 /* Debug */ = {
			isa = XCBuildConfiguration;
			buildSettings = {
				ASSETCATALOG_COMPILER_APPICON_NAME = AppIcon;
				CODE_SIGN_STYLE = Automatic;
				DEVELOPMENT_TEAM = 9R94QFKK95;
				INFOPLIST_FILE = GrepthorTask/Info.plist;
				LD_RUNPATH_SEARCH_PATHS = "$(inherited) @executable_path/Frameworks";
				PRODUCT_BUNDLE_IDENTIFIER = servizon.GrepthorTask;
				PRODUCT_NAME = "$(TARGET_NAME)";
				SWIFT_VERSION = 4.0;
				TARGETED_DEVICE_FAMILY = "1,2";
			};
			name = Debug;
		};
		04FF120120C9470900D84BB9 /* Release */ = {
			isa = XCBuildConfiguration;
			buildSettings = {
				ASSETCATALOG_COMPILER_APPICON_NAME = AppIcon;
				CODE_SIGN_STYLE = Automatic;
				DEVELOPMENT_TEAM = 9R94QFKK95;
				INFOPLIST_FILE = GrepthorTask/Info.plist;
				LD_RUNPATH_SEARCH_PATHS = "$(inherited) @executable_path/Frameworks";
				PRODUCT_BUNDLE_IDENTIFIER = servizon.GrepthorTask;
				PRODUCT_NAME = "$(TARGET_NAME)";
				SWIFT_VERSION = 4.0;
				TARGETED_DEVICE_FAMILY = "1,2";
			};
			name = Release;
		};
		04FF120320C9470900D84BB9 /* Debug */ = {
			isa = XCBuildConfiguration;
			buildSettings = {
				ALWAYS_EMBED_SWIFT_STANDARD_LIBRARIES = YES;
				BUNDLE_LOADER = "$(TEST_HOST)";
				CODE_SIGN_STYLE = Automatic;
				DEVELOPMENT_TEAM = 9R94QFKK95;
				INFOPLIST_FILE = GrepthorTaskTests/Info.plist;
				LD_RUNPATH_SEARCH_PATHS = "$(inherited) @executable_path/Frameworks @loader_path/Frameworks";
				PRODUCT_BUNDLE_IDENTIFIER = servizon.GrepthorTaskTests;
				PRODUCT_NAME = "$(TARGET_NAME)";
				SWIFT_VERSION = 4.0;
				TARGETED_DEVICE_FAMILY = "1,2";
				TEST_HOST = "$(BUILT_PRODUCTS_DIR)/GrepthorTask.app/GrepthorTask";
			};
			name = Debug;
		};
		04FF120420C9470900D84BB9 /* Release */ = {
			isa = XCBuildConfiguration;
			buildSettings = {
				ALWAYS_EMBED_SWIFT_STANDARD_LIBRARIES = YES;
				BUNDLE_LOADER = "$(TEST_HOST)";
				CODE_SIGN_STYLE = Automatic;
				DEVELOPMENT_TEAM = 9R94QFKK95;
				INFOPLIST_FILE = GrepthorTaskTests/Info.plist;
				LD_RUNPATH_SEARCH_PATHS = "$(inherited) @executable_path/Frameworks @loader_path/Frameworks";
				PRODUCT_BUNDLE_IDENTIFIER = servizon.GrepthorTaskTests;
				PRODUCT_NAME = "$(TARGET_NAME)";
				SWIFT_VERSION = 4.0;
				TARGETED_DEVICE_FAMILY = "1,2";
				TEST_HOST = "$(BUILT_PRODUCTS_DIR)/GrepthorTask.app/GrepthorTask";
			};
			name = Release;
		};
		04FF120620C9470900D84BB9 /* Debug */ = {
			isa = XCBuildConfiguration;
			buildSettings = {
				ALWAYS_EMBED_SWIFT_STANDARD_LIBRARIES = YES;
				CODE_SIGN_STYLE = Automatic;
				DEVELOPMENT_TEAM = 9R94QFKK95;
				INFOPLIST_FILE = GrepthorTaskUITests/Info.plist;
				LD_RUNPATH_SEARCH_PATHS = "$(inherited) @executable_path/Frameworks @loader_path/Frameworks";
				PRODUCT_BUNDLE_IDENTIFIER = servizon.GrepthorTaskUITests;
				PRODUCT_NAME = "$(TARGET_NAME)";
				SWIFT_VERSION = 4.0;
				TARGETED_DEVICE_FAMILY = "1,2";
				TEST_TARGET_NAME = GrepthorTask;
			};
			name = Debug;
		};
		04FF120720C9470900D84BB9 /* Release */ = {
			isa = XCBuildConfiguration;
			buildSettings = {
				ALWAYS_EMBED_SWIFT_STANDARD_LIBRARIES = YES;
				CODE_SIGN_STYLE = Automatic;
				DEVELOPMENT_TEAM = 9R94QFKK95;
				INFOPLIST_FILE = GrepthorTaskUITests/Info.plist;
				LD_RUNPATH_SEARCH_PATHS = "$(inherited) @executable_path/Frameworks @loader_path/Frameworks";
				PRODUCT_BUNDLE_IDENTIFIER = servizon.GrepthorTaskUITests;
				PRODUCT_NAME = "$(TARGET_NAME)";
				SWIFT_VERSION = 4.0;
				TARGETED_DEVICE_FAMILY = "1,2";
				TEST_TARGET_NAME = GrepthorTask;
			};
			name = Release;
		};
/* End XCBuildConfiguration section */

/* Begin XCConfigurationList section */
		04FF11D220C9470900D84BB9 /* Build configuration list for PBXProject "GrepthorTask" */ = {
			isa = XCConfigurationList;
			buildConfigurations = (
				04FF11FD20C9470900D84BB9 /* Debug */,
				04FF11FE20C9470900D84BB9 /* Release */,
			);
			defaultConfigurationIsVisible = 0;
			defaultConfigurationName = Release;
		};
		04FF11FF20C9470900D84BB9 /* Build configuration list for PBXNativeTarget "GrepthorTask" */ = {
			isa = XCConfigurationList;
			buildConfigurations = (
				04FF120020C9470900D84BB9 /* Debug */,
				04FF120120C9470900D84BB9 /* Release */,
			);
			defaultConfigurationIsVisible = 0;
			defaultConfigurationName = Release;
		};
		04FF120220C9470900D84BB9 /* Build configuration list for PBXNativeTarget "GrepthorTaskTests" */ = {
			isa = XCConfigurationList;
			buildConfigurations = (
				04FF120320C9470900D84BB9 /* Debug */,
				04FF120420C9470900D84BB9 /* Release */,
			);
			defaultConfigurationIsVisible = 0;
			defaultConfigurationName = Release;
		};
		04FF120520C9470900D84BB9 /* Build configuration list for PBXNativeTarget "GrepthorTaskUITests" */ = {
			isa = XCConfigurationList;
			buildConfigurations = (
				04FF120620C9470900D84BB9 /* Debug */,
				04FF120720C9470900D84BB9 /* Release */,
			);
			defaultConfigurationIsVisible = 0;
			defaultConfigurationName = Release;
		};
/* End XCConfigurationList section */
	};
	rootObject = 04FF11CF20C9470900D84BB9 /* Project object */;
}
